
Microsoft Visual Studio Solution File, Format Version 12.00
# Visual Studio 15
VisualStudioVersion = 15.0.28010.2026
MinimumVisualStudioVersion = 10.0.40219.1
Project("{FAE04EC0-301F-11D3-BF4B-00C04F79EFBC}") = "ConsoleApp4", "ConsoleApp4\ConsoleApp4.csproj", "{B36D6D35-0148-4510-875A-5B0C17982DAE}"
EndProject
Global
	GlobalSection(SolutionConfigurationPlatforms) = preSolution
		Debug|Any CPU = Debug|Any CPU
		Release|Any CPU = Release|Any CPU
	EndGlobalSection
	GlobalSection(ProjectConfigurationPlatforms) = postSolution
		{B36D6D35-0148-4510-875A-5B0C17982DAE}.Debug|Any CPU.ActiveCfg = Debug|Any CPU
		{B36D6D35-0148-4510-875A-5B0C17982DAE}.Debug|Any CPU.Build.0 = Debug|Any CPU
		{B36D6D35-0148-4510-875A-5B0C17982DAE}.Release|Any CPU.ActiveCfg = Release|Any CPU
		{B36D6D35-0148-4510-875A-5B0C17982DAE}.Release|Any CPU.Build.0 = Release|Any CPU
	EndGlobalSection
	GlobalSection(SolutionProperties) = preSolution
		HideSolutionNode = FALSE
	EndGlobalSection
	GlobalSection(ExtensibilityGlobals) = postSolution
		SolutionGuid = {F36F92A3-EEC5-41F2-B7E6-B3C6C8C018E9}
	EndGlobalSection
EndGlobal
