
Microsoft Visual Studio Solution File, Format Version 12.00
# Visual Studio 15
VisualStudioVersion = 15.0.28010.2026
MinimumVisualStudioVersion = 10.0.40219.1
Project("{FAE04EC0-301F-11D3-BF4B-00C04F79EFBC}") = "draw circles", "draw circles\draw circles.csproj", "{497F631F-C6DE-4A04-BCAF-2D3804640926}"
EndProject
Global
	GlobalSection(SolutionConfigurationPlatforms) = preSolution
		Debug|Any CPU = Debug|Any CPU
		Release|Any CPU = Release|Any CPU
	EndGlobalSection
	GlobalSection(ProjectConfigurationPlatforms) = postSolution
		{497F631F-C6DE-4A04-BCAF-2D3804640926}.Debug|Any CPU.ActiveCfg = Debug|Any CPU
		{497F631F-C6DE-4A04-BCAF-2D3804640926}.Debug|Any CPU.Build.0 = Debug|Any CPU
		{497F631F-C6DE-4A04-BCAF-2D3804640926}.Release|Any CPU.ActiveCfg = Release|Any CPU
		{497F631F-C6DE-4A04-BCAF-2D3804640926}.Release|Any CPU.Build.0 = Release|Any CPU
	EndGlobalSection
	GlobalSection(SolutionProperties) = preSolution
		HideSolutionNode = FALSE
	EndGlobalSection
	GlobalSection(ExtensibilityGlobals) = postSolution
		SolutionGuid = {838F5ADE-52E3-49C9-BF44-7740D5E54FBE}
	EndGlobalSection
EndGlobal
